{"SurveyEntry":{"SurveyID":"SV_9nlqAiEPS5QQ7eC","SurveyName":"Title I Paraprofessional Assessment","SurveyDescription":null,"SurveyOwnerID":"UR_4VmjfDRaVvg1Tdc","SurveyBrandID":"canoncityschools","DivisionID":null,"SurveyLanguage":"EN","SurveyActiveResponseSet":"RS_a9N6vsuPq6lSc6y","SurveyStatus":"Active","SurveyStartDate":"0000-00-00 00:00:00","SurveyExpirationDate":"0000-00-00 00:00:00","SurveyCreationDate":"2026-07-14 12:37:13","CreatorID":"UR_4VmjfDRaVvg1Tdc","LastModified":"2026-08-12 08:58:49","LastAccessed":"0000-00-00 00:00:00","LastActivated":"2026-08-08 15:19:19","Deleted":null},"SurveyElements":[{"SurveyID":"SV_9nlqAiEPS5QQ7eC","Element":"BL","PrimaryAttribute":"Survey Blocks","SecondaryAttribute":null,"TertiaryAttribute":null,"Payload":{"1":{"Type":"Trash","Description":"Trash \/ Unused Questions","ID":"BL_cTRdCHvUgRvJ92u","BlockElements":[{"Type":"Question","QuestionID":"QID1"},{"Type":"Question","QuestionID":"QID62"},{"Type":"Question","QuestionID":"QID65"}]},"2":{"Type":"Standard","SubType":"","Description":"Math Assessment","ID":"BL_5cZkI09PZBOzUeW","BlockElements":[{"Type":"Question","QuestionID":"QID2"},{"Type":"Question","QuestionID":"QID3"},{"Type":"Question","QuestionID":"QID4"},{"Type":"Question","QuestionID":"QID5"},{"Type":"Question","QuestionID":"QID6"},{"Type":"Question","QuestionID":"QID7"},{"Type":"Question","QuestionID":"QID8"},{"Type":"Question","QuestionID":"QID9"},{"Type":"Question","QuestionID":"QID10"},{"Type":"Question","QuestionID":"QID11"},{"Type":"Question","QuestionID":"QID12"},{"Type":"Question","QuestionID":"QID13"},{"Type":"Question","QuestionID":"QID14"},{"Type":"Question","QuestionID":"QID15"},{"Type":"Question","QuestionID":"QID16"},{"Type":"Question","QuestionID":"QID17"},{"Type":"Question","QuestionID":"QID18"},{"Type":"Question","QuestionID":"QID19"},{"Type":"Question","QuestionID":"QID20"},{"Type":"Question","QuestionID":"QID21"}],"Options":{"BlockLocking":"false","RandomizeQuestions":"false","BlockVisibility":"Expanded"}},"6":{"Type":"Standard","SubType":"","Description":"Writing Assessment","ID":"BL_6RuUcWd7XyslNUW","BlockElements":[{"Type":"Question","QuestionID":"QID22"},{"Type":"Question","QuestionID":"QID23"},{"Type":"Question","QuestionID":"QID24"},{"Type":"Question","QuestionID":"QID25"},{"Type":"Question","QuestionID":"QID26"},{"Type":"Question","QuestionID":"QID27"},{"Type":"Question","QuestionID":"QID28"},{"Type":"Question","QuestionID":"QID29"},{"Type":"Question","QuestionID":"QID30"},{"Type":"Question","QuestionID":"QID31"},{"Type":"Question","QuestionID":"QID32"},{"Type":"Question","QuestionID":"QID33"},{"Type":"Question","QuestionID":"QID34"},{"Type":"Question","QuestionID":"QID35"},{"Type":"Question","QuestionID":"QID36"},{"Type":"Question","QuestionID":"QID37"},{"Type":"Question","QuestionID":"QID38"},{"Type":"Question","QuestionID":"QID39"},{"Type":"Question","QuestionID":"QID40"},{"Type":"Question","QuestionID":"QID41"}],"Options":{"BlockLocking":"false","RandomizeQuestions":"false","BlockVisibility":"Collapsed"}},"8":{"Type":"Standard","SubType":"","Description":"Reading Assessment","ID":"BL_bq2VX5Wp6BRvxqu","BlockElements":[{"Type":"Question","QuestionID":"QID42"},{"Type":"Question","QuestionID":"QID43"},{"Type":"Question","QuestionID":"QID44"},{"Type":"Question","QuestionID":"QID45"},{"Type":"Question","QuestionID":"QID46"},{"Type":"Question","QuestionID":"QID47"},{"Type":"Question","QuestionID":"QID48"},{"Type":"Question","QuestionID":"QID49"},{"Type":"Question","QuestionID":"QID50"},{"Type":"Question","QuestionID":"QID51"},{"Type":"Question","QuestionID":"QID52"},{"Type":"Question","QuestionID":"QID53"},{"Type":"Question","QuestionID":"QID54"},{"Type":"Question","QuestionID":"QID55"},{"Type":"Question","QuestionID":"QID56"},{"Type":"Question","QuestionID":"QID57"},{"Type":"Page Break"},{"Type":"Question","QuestionID":"QID58"},{"Type":"Question","QuestionID":"QID59"},{"Type":"Question","QuestionID":"QID60"},{"Type":"Question","QuestionID":"QID61"}],"Options":{"BlockLocking":"false","RandomizeQuestions":"false","BlockVisibility":"Collapsed"}},"9":{"Type":"Standard","SubType":"","Description":"Test-Taker Information","ID":"BL_8iCF5uyfgnq9M3Q","Options":{"BlockLocking":"false","RandomizeQuestions":"false","BlockVisibility":"Collapsed"},"BlockElements":[{"Type":"Question","QuestionID":"QID63"},{"Type":"Question","QuestionID":"QID66"},{"Type":"Question","QuestionID":"QID64"}]}}},{"SurveyID":"SV_9nlqAiEPS5QQ7eC","Element":"FL","PrimaryAttribute":"Survey Flow","SecondaryAttribute":null,"TertiaryAttribute":null,"Payload":{"Type":"Root","FlowID":"FL_1","Flow":[{"Type":"Standard","ID":"BL_8iCF5uyfgnq9M3Q","FlowID":"FL_11","Autofill":[]},{"Type":"Standard","ID":"BL_5cZkI09PZBOzUeW","FlowID":"FL_3","Autofill":[]},{"Type":"Standard","ID":"BL_6RuUcWd7XyslNUW","FlowID":"FL_7","Autofill":[]},{"Type":"Standard","ID":"BL_bq2VX5Wp6BRvxqu","FlowID":"FL_9","Autofill":[]},{"Type":"EndSurvey","FlowID":"FL_12"}],"Properties":{"Count":14}}},{"SurveyID":"SV_9nlqAiEPS5QQ7eC","Element":"PL","PrimaryAttribute":"Preview Link","SecondaryAttribute":null,"TertiaryAttribute":null,"Payload":{"PreviewType":"Public","PreviewID":"4c0f6e8b-4d43-466c-89ce-d82669fa4691"}},{"SurveyID":"SV_9nlqAiEPS5QQ7eC","Element":"PROJ","PrimaryAttribute":"CORE","SecondaryAttribute":null,"TertiaryAttribute":"1.1.0","Payload":{"ProjectCategory":"CORE","SchemaVersion":"1.1.0"}},{"SurveyID":"SV_9nlqAiEPS5QQ7eC","Element":"QC","PrimaryAttribute":"Survey Question Count","SecondaryAttribute":"66","TertiaryAttribute":null,"Payload":null},{"SurveyID":"SV_9nlqAiEPS5QQ7eC","Element":"QG","PrimaryAttribute":"QG_yM33rSjtGFadGRO","SecondaryAttribute":"Default Quota Group","TertiaryAttribute":null,"Payload":{"ID":"QG_yM33rSjtGFadGRO","Name":"Default Quota Group","Selected":true,"MultipleMatch":"PlaceInAll","Public":false,"Quotas":[]}},{"SurveyID":"SV_9nlqAiEPS5QQ7eC","Element":"QGO","PrimaryAttribute":"QGO_QuotaGroupOrder","SecondaryAttribute":null,"TertiaryAttribute":null,"Payload":["QG_yM33rSjtGFadGRO"]},{"SurveyID":"SV_9nlqAiEPS5QQ7eC","Element":"RS","PrimaryAttribute":"RS_a9N6vsuPq6lSc6y","SecondaryAttribute":"Default Response Set","TertiaryAttribute":null,"Payload":null},{"SurveyID":"SV_9nlqAiEPS5QQ7eC","Element":"SCO","PrimaryAttribute":"Scoring","SecondaryAttribute":null,"TertiaryAttribute":null,"Payload":{"ScoringCategories":[{"Description":"","ID":"SC_4I7dsxjXjX6QtaC","Name":"Score"}],"ScoringCategoryGroups":[],"DefaultScoringCategory":"SC_4I7dsxjXjX6QtaC","ScoringSummaryCategory":"SC_4I7dsxjXjX6QtaC","ScoringSummaryAfterQuestions":0,"ScoringSummaryAfterSurvey":true,"AutoScoringCategory":null,"IgnoreNullValues":true}},{"SurveyID":"SV_9nlqAiEPS5QQ7eC","Element":"SO","PrimaryAttribute":"Survey Options","SecondaryAttribute":null,"TertiaryAttribute":null,"Payload":{"BackButton":"true","SaveAndContinue":"false","SurveyProtection":"PublicSurvey","BallotBoxStuffingPrevention":"true","NoIndex":"Yes","SecureResponseFiles":"true","SurveyExpiration":"None","SurveyTermination":"DefaultMessage","Header":"","Footer":"","ProgressBarDisplay":"NoText","PartialData":"+1 week","ValidationMessage":null,"PreviousButton":"","NextButton":"","SurveyTitle":"Title I Paraprofessional Assessment","SkinLibrary":"canoncityschools","SkinType":"component","Skin":{"brandingId":"8105232297","templateId":"*simple","overrides":null},"NewScoring":1,"SurveyMetaDescription":"Welcome to the Title I Paraprofessional Highly Qualified Assessment. This assessment is designed to measure your knowledge and ability to assist in the instruction of Reading, Writing, and Mathematics, fulfilling the highly qualified requirements set by the Colorado Department of Education (CDE). Please read each question carefully and select the best answer. You must score 80% or higher to pass.","EOSMessage":null,"ShowExportTags":"false","CollectGeoLocation":"false","PasswordProtection":"Yes","AnonymizeResponse":"No","RefererCheck":"No","BallotBoxStuffingPreventionBehavior":"Continue","BallotBoxStuffingPreventionMessage":"MS_tekKJFOELvLaugA","BallotBoxStuffingPreventionMessageLibrary":"UR_4VmjfDRaVvg1Tdc","BallotBoxStuffingPreventionURL":null,"RecaptchaV3":"false","ConfirmStart":false,"AutoConfirmStart":false,"RelevantID":"false","RelevantIDLockoutPeriod":"+30 days","UseCustomSurveyLinkCompletedMessage":null,"SurveyLinkCompletedMessage":null,"SurveyLinkCompletedMessageLibrary":null,"ResponseSummary":"No","EOSMessageLibrary":null,"EOSRedirectURL":null,"EmailThankYou":"true","ThankYouEmailMessageLibrary":"UR_4VmjfDRaVvg1Tdc","ThankYouEmailMessage":"MS_cMz4lFGxvRfkWEu","ValidateMessage":"false","ValidationMessageLibrary":null,"InactiveSurvey":"DefaultMessage","PartialDeletion":null,"PartialDataCloseAfter":"SurveyStart","InactiveMessageLibrary":null,"InactiveMessage":null,"AvailableLanguages":{"EN":[]},"AutoCloseSurvey":false,"DetectDuplicateRespondents":true,"DetectDuplicateRespondentsDuration":"+30 days","SurveyName":"Title I Paraprofessional Assessment","PageTransition":"fade","Password":"CCSD2026","ProtectSelectionIds":true}},{"SurveyID":"SV_9nlqAiEPS5QQ7eC","Element":"SQ","PrimaryAttribute":"QID1","SecondaryAttribute":"Click to write the question text","TertiaryAttribute":null,"Payload":{"QuestionText":"Click to write the question text","DataExportTag":"Q1","QuestionType":"MC","Selector":"SAVR","SubSelector":"TX","DataVisibility":{"Private":false,"Hidden":false},"Configuration":{"QuestionDescriptionOption":"UseText"},"QuestionDescription":"Click to write the question text","Choices":{"1":{"Display":"Click to write Choice 1"},"2":{"Display":"Click to write Choice 2"},"3":{"Display":"Click to write Choice 3"}},"ChoiceOrder":["1","2","3"],"Validation":{"Settings":{"ForceResponse":"OFF","Type":"None"}},"Language":[],"NextChoiceId":4,"NextAnswerId":1,"QuestionID":"QID1"}},{"SurveyID":"SV_9nlqAiEPS5QQ7eC","Element":"SQ","PrimaryAttribute":"QID10","SecondaryAttribute":"A recipe for homemade playdough requires 2 cups of flour to make 3 batches. How many cups of flou...","TertiaryAttribute":null,"Payload":{"QuestionText":"A recipe for homemade playdough requires 2 cups of flour to make 3 batches. How many cups of flour are needed to make 9 batches?\n","QuestionID":"QID10","QuestionType":"MC","Selector":"SAVR","SubSelector":"TX","QuestionDescription":"A recipe for homemade playdough requires 2 cups of flour to make 3 batches. How many cups of flou...","Choices":{"1":{"Display":"6 cups"},"2":{"Display":"5 cups"},"3":{"Display":"9 cups"},"4":{"Display":"18 cups"}},"ChoiceOrder":["1","2","3","4"],"Validation":{"Settings":{"Type":"None"}},"Language":[],"DataExportTag":"QID10","DataVisibility":{"Private":false,"Hidden":false},"Configuration":{"QuestionDescriptionOption":"UseText"},"GradingData":[{"ChoiceID":"1","Grades":{"SC_4I7dsxjXjX6QtaC":"1"},"index":0}],"NextChoiceId":5,"NextAnswerId":1}},{"SurveyID":"SV_9nlqAiEPS5QQ7eC","Element":"SQ","PrimaryAttribute":"QID11","SecondaryAttribute":"A classroom banner is 48 inches long. How long is the banner in feet?","TertiaryAttribute":null,"Payload":{"QuestionText":"A classroom banner is 48 inches long. How long is the banner in feet?\n","QuestionID":"QID11","QuestionType":"MC","Selector":"SAVR","SubSelector":"TX","QuestionDescription":"A classroom banner is 48 inches long. How long is the banner in feet?","Choices":{"1":{"Display":"3 feet"},"2":{"Display":"4 feet"},"3":{"Display":"5 feet"},"4":{"Display":"6 feet"}},"ChoiceOrder":["1","2","3","4"],"Validation":{"Settings":{"Type":"None"}},"Language":[],"DataExportTag":"QID11","DataVisibility":{"Private":false,"Hidden":false},"Configuration":{"QuestionDescriptionOption":"UseText"},"GradingData":[{"ChoiceID":"2","Grades":{"SC_4I7dsxjXjX6QtaC":"1"},"index":0}],"NextChoiceId":5,"NextAnswerId":1}},{"SurveyID":"SV_9nlqAiEPS5QQ7eC","Element":"SQ","PrimaryAttribute":"QID12","SecondaryAttribute":"Which of the following numbers is a prime number?","TertiaryAttribute":null,"Payload":{"QuestionText":"Which of the following numbers is a prime number?\n","QuestionID":"QID12","QuestionType":"MC","Selector":"SAVR","SubSelector":"TX","QuestionDescription":"Which of the following numbers is a prime number?","Choices":{"1":{"Display":"15"},"2":{"Display":"21"},"3":{"Display":"27"},"4":{"Display":"29"}},"ChoiceOrder":["1","2","3","4"],"Validation":{"Settings":{"Type":"None"}},"Language":[],"DataExportTag":"QID12","DataVisibility":{"Private":false,"Hidden":false},"Configuration":{"QuestionDescriptionOption":"UseText"},"GradingData":[{"ChoiceID":"4","Grades":{"SC_4I7dsxjXjX6QtaC":"1"},"index":0}],"NextChoiceId":5,"NextAnswerId":1}},{"SurveyID":"SV_9nlqAiEPS5QQ7eC","Element":"SQ","PrimaryAttribute":"QID13","SecondaryAttribute":"A teacher buys 5 boxes of pencils. Each box contains 12 pencils. If she hands out 8 pencils to he...","TertiaryAttribute":null,"Payload":{"QuestionText":"A teacher buys 5 boxes of pencils. Each box contains 12 pencils. If she hands out 8 pencils to her students, how many pencils does she have left?\n","QuestionID":"QID13","QuestionType":"MC","Selector":"SAVR","SubSelector":"TX","QuestionDescription":"A teacher buys 5 boxes of pencils. Each box contains 12 pencils. If she hands out 8 pencils to he...","Choices":{"1":{"Display":"52 pencils"},"2":{"Display":"60 pencils"},"3":{"Display":"44 pencils"},"4":{"Display":"9 pencils"}},"ChoiceOrder":["1","2","3","4"],"Validation":{"Settings":{"Type":"None"}},"Language":[],"DataExportTag":"QID13","DataVisibility":{"Private":false,"Hidden":false},"Configuration":{"QuestionDescriptionOption":"UseText"},"GradingData":[{"ChoiceID":"1","Grades":{"SC_4I7dsxjXjX6QtaC":"1"},"index":0}],"NextChoiceId":5,"NextAnswerId":1}},{"SurveyID":"SV_9nlqAiEPS5QQ7eC","Element":"SQ","PrimaryAttribute":"QID14","SecondaryAttribute":"A student is solving the problem 52 - 18 and gets the answer 46. What mistake is the student most...","TertiaryAttribute":null,"Payload":{"QuestionText":"A student is solving the problem 52 - 18 and gets the answer 46. What mistake is the student most likely making?","QuestionID":"QID14","QuestionType":"MC","Selector":"SAVR","SubSelector":"TX","QuestionDescription":"A student is solving the problem 52 - 18 and gets the answer 46. What mistake is the student most...","Choices":{"1":{"Display":"The student is adding the numbers instead of subtracting."},"2":{"Display":"The student forgot to write the negative sign."},"3":{"Display":"The student is subtracting the smaller digit from the larger digit in the ones place instead of regrouping (borrowing)."},"4":{"Display":"The student does not know their basic addition facts."}},"ChoiceOrder":["1","2","3","4"],"Validation":{"Settings":{"Type":"None"}},"Language":[],"DataExportTag":"QID14","DataVisibility":{"Private":false,"Hidden":false},"Configuration":{"QuestionDescriptionOption":"UseText"},"NextChoiceId":5,"NextAnswerId":1,"GradingData":[{"ChoiceID":"3","Grades":{"SC_4I7dsxjXjX6QtaC":"1"},"index":0}]}},{"SurveyID":"SV_9nlqAiEPS5QQ7eC","Element":"SQ","PrimaryAttribute":"QID15","SecondaryAttribute":"A student is struggling to understand why 1\/2 is equal to 2\/4. Which instructional tool is the be...","TertiaryAttribute":null,"Payload":{"QuestionText":"A student is struggling to understand why 1\/2 is equal to 2\/4. Which instructional tool is the best choice to help the student visualize this concept?\n","QuestionID":"QID15","QuestionType":"MC","Selector":"SAVR","SubSelector":"TX","QuestionDescription":"A student is struggling to understand why 1\/2 is equal to 2\/4. Which instructional tool is the be...","Choices":{"1":{"Display":"A calculator"},"2":{"Display":"A set of fraction tiles or fraction circles"},"3":{"Display":"A standard ruler"},"4":{"Display":"Flashcards with multiplication facts"}},"ChoiceOrder":["1","2","3","4"],"Validation":{"Settings":{"Type":"None"}},"Language":[],"DataExportTag":"QID15","DataVisibility":{"Private":false,"Hidden":false},"Configuration":{"QuestionDescriptionOption":"UseText"},"GradingData":[{"ChoiceID":"2","Grades":{"SC_4I7dsxjXjX6QtaC":"1"},"index":0}],"NextChoiceId":5,"NextAnswerId":1}},{"SurveyID":"SV_9nlqAiEPS5QQ7eC","Element":"SQ","PrimaryAttribute":"QID16","SecondaryAttribute":"A student reads a word problem and immediately says, 'I don't know what to do.' What is the most...","TertiaryAttribute":null,"Payload":{"QuestionText":"A student reads a word problem and immediately says, 'I don't know what to do.' What is the most effective first step a paraeducator can suggest?\n","QuestionID":"QID16","QuestionType":"MC","Selector":"SAVR","SubSelector":"TX","QuestionDescription":"A student reads a word problem and immediately says, 'I don't know what to do.' What is the most...","Choices":{"1":{"Display":"Look at the numbers and just multiply them together."},"2":{"Display":"Let's read it together and underline the question they are asking us to answer."},"3":{"Display":"Skip this problem and go to the next one."},"4":{"Display":"The answer is 14. Let's see if we can work backwards."}},"ChoiceOrder":["1","2","3","4"],"Validation":{"Settings":{"Type":"None"}},"Language":[],"DataExportTag":"QID16","DataVisibility":{"Private":false,"Hidden":false},"Configuration":{"QuestionDescriptionOption":"UseText"},"GradingData":[{"ChoiceID":"2","Grades":{"SC_4I7dsxjXjX6QtaC":"1"},"index":0}],"NextChoiceId":5,"NextAnswerId":1}},{"SurveyID":"SV_9nlqAiEPS5QQ7eC","Element":"SQ","PrimaryAttribute":"QID17","SecondaryAttribute":"A student solves 14 x 3 and writes down 312. Based on the answer, what underlying concept does th...","TertiaryAttribute":null,"Payload":{"QuestionText":"A student solves 14 x 3 and writes down 312. Based on the answer, what underlying concept does the student likely misunderstand?\n","QuestionID":"QID17","QuestionType":"MC","Selector":"SAVR","SubSelector":"TX","QuestionDescription":"A student solves 14 x 3 and writes down 312. Based on the answer, what underlying concept does th...","Choices":{"1":{"Display":"Place value and regrouping (they multiplied 3x4=12 and 3x1=3, writing them side by side)."},"2":{"Display":"The multiplication table for 3s."},"3":{"Display":"How to carry a remainder in division."},"4":{"Display":"The commutative property of multiplication."}},"ChoiceOrder":["1","2","3","4"],"Validation":{"Settings":{"Type":"None"}},"Language":[],"DataExportTag":"QID17","DataVisibility":{"Private":false,"Hidden":false},"Configuration":{"QuestionDescriptionOption":"UseText"},"GradingData":[{"ChoiceID":"1","Grades":{"SC_4I7dsxjXjX6QtaC":"1"},"index":0}],"NextChoiceId":5,"NextAnswerId":1}},{"SurveyID":"SV_9nlqAiEPS5QQ7eC","Element":"SQ","PrimaryAttribute":"QID18","SecondaryAttribute":"You are helping a student understand how to add negative numbers, specifically -3 + 5. What is th...","TertiaryAttribute":null,"Payload":{"QuestionText":"You are helping a student understand how to add negative numbers, specifically -3 + 5. What is the best way to explain this visually?","QuestionID":"QID18","QuestionType":"MC","Selector":"SAVR","SubSelector":"TX","QuestionDescription":"You are helping a student understand how to add negative numbers, specifically -3 + 5. What is th...","Choices":{"1":{"Display":"Draw a number line, start at -3, and move 5 spaces to the right."},"2":{"Display":"Tell them that two negatives make a positive."},"3":{"Display":"Draw 3 red dots and 5 blue dots and count them all together."},"4":{"Display":"Explain that they should just subtract 5 - 3 and ignore the negative sign."}},"ChoiceOrder":["1","2","3","4"],"Validation":{"Settings":{"Type":"None"}},"Language":[],"DataExportTag":"QID18","DataVisibility":{"Private":false,"Hidden":false},"Configuration":{"QuestionDescriptionOption":"UseText"},"GradingData":[{"ChoiceID":"1","Grades":{"SC_4I7dsxjXjX6QtaC":"1"},"index":0}],"NextChoiceId":5,"NextAnswerId":1}},{"SurveyID":"SV_9nlqAiEPS5QQ7eC","Element":"SQ","PrimaryAttribute":"QID19","SecondaryAttribute":"After explaining a difficult math concept to a student, what is the most reliable way to ensure t...","TertiaryAttribute":null,"Payload":{"QuestionText":"After explaining a difficult math concept to a student, what is the most reliable way to ensure they actually understand it before moving on?\n","QuestionID":"QID19","QuestionType":"MC","Selector":"SAVR","SubSelector":"TX","QuestionDescription":"After explaining a difficult math concept to a student, what is the most reliable way to ensure t...","Choices":{"1":{"Display":"Ask them, 'Does that make sense?'"},"2":{"Display":"Have them copy down exactly what you wrote on the whiteboard."},"3":{"Display":"Ask the student to talk you through their steps as they solve the next problem on their own."},"4":{"Display":"Give them a high-five and move to the next student."}},"ChoiceOrder":["1","2","3","4"],"Validation":{"Settings":{"Type":"None"}},"Language":[],"DataExportTag":"QID19","DataVisibility":{"Private":false,"Hidden":false},"Configuration":{"QuestionDescriptionOption":"UseText"},"GradingData":[{"ChoiceID":"3","Grades":{"SC_4I7dsxjXjX6QtaC":"1"},"index":0}],"NextChoiceId":5,"NextAnswerId":1}},{"SurveyID":"SV_9nlqAiEPS5QQ7eC","Element":"SQ","PrimaryAttribute":"QID2","SecondaryAttribute":"Simplify the following expression: 8 + (4 x 3) - 2","TertiaryAttribute":null,"Payload":{"QuestionText":"Simplify the following expression: 8 + (4 x 3) - 2","QuestionID":"QID2","QuestionType":"MC","Selector":"SAVR","SubSelector":"TX","QuestionDescription":"Simplify the following expression: 8 + (4 x 3) - 2","Choices":{"1":{"Display":"34"},"2":{"Display":"18"},"3":{"Display":"14"},"4":{"Display":"22"}},"ChoiceOrder":["1","2","3","4"],"Validation":{"Settings":{"Type":"None"}},"Language":[],"DataExportTag":"QID2","DataVisibility":{"Private":false,"Hidden":false},"Configuration":{"QuestionDescriptionOption":"UseText"},"GradingData":[{"ChoiceID":"2","Grades":{"SC_4I7dsxjXjX6QtaC":"1"},"index":0}],"NextChoiceId":5,"NextAnswerId":1}},{"SurveyID":"SV_9nlqAiEPS5QQ7eC","Element":"SQ","PrimaryAttribute":"QID20","SecondaryAttribute":"A student looks at a math worksheet, crosses their arms, and says, 'I'm just bad at math, I can't...","TertiaryAttribute":null,"Payload":{"QuestionText":"A student looks at a math worksheet, crosses their arms, and says, 'I'm just bad at math, I can't do this.' What is the most appropriate pedagogical response?\n","QuestionID":"QID20","QuestionType":"MC","Selector":"SAVR","SubSelector":"TX","QuestionDescription":"A student looks at a math worksheet, crosses their arms, and says, 'I'm just bad at math, I can't...","Choices":{"1":{"Display":"That's okay, not everyone is a math person. Let's just try to get a few done."},"2":{"Display":"Let's cover up the rest of the page and just look at the very first step of problem number one together."},"3":{"Display":"If you don't do this, you will have to stay in during recess."},"4":{"Display":"I'll do the first five for you so you have less to do."}},"ChoiceOrder":["1","2","3","4"],"Validation":{"Settings":{"Type":"None"}},"Language":[],"DataExportTag":"QID20","DataVisibility":{"Private":false,"Hidden":false},"Configuration":{"QuestionDescriptionOption":"UseText"},"GradingData":[{"ChoiceID":"2","Grades":{"SC_4I7dsxjXjX6QtaC":"1"},"index":0}],"NextChoiceId":5,"NextAnswerId":1}},{"SurveyID":"SV_9nlqAiEPS5QQ7eC","Element":"SQ","PrimaryAttribute":"QID21","SecondaryAttribute":"A student asks, 'Why do I even need to learn how to find the perimeter of a shape?' Which real-wo...","TertiaryAttribute":null,"Payload":{"QuestionText":"A student asks, 'Why do I even need to learn how to find the perimeter of a shape?' Which real-world example best illustrates this concept?\n","QuestionID":"QID21","QuestionType":"MC","Selector":"SAVR","SubSelector":"TX","QuestionDescription":"A student asks, 'Why do I even need to learn how to find the perimeter of a shape?' Which real-wo...","Choices":{"1":{"Display":"You need it to figure out how much paint you need to cover a wall."},"2":{"Display":"You need it to figure out how much water fills up a swimming pool."},"3":{"Display":"You need it to figure out how much fence you need to build around a garden."},"4":{"Display":"You need it to figure out how long a road trip will take."}},"ChoiceOrder":["1","2","3","4"],"Validation":{"Settings":{"Type":"None"}},"Language":[],"DataExportTag":"QID21","DataVisibility":{"Private":false,"Hidden":false},"Configuration":{"QuestionDescriptionOption":"UseText"},"GradingData":[{"ChoiceID":"3","Grades":{"SC_4I7dsxjXjX6QtaC":"1"},"index":0}],"NextChoiceId":5,"NextAnswerId":1}},{"SurveyID":"SV_9nlqAiEPS5QQ7eC","Element":"SQ","PrimaryAttribute":"QID22","SecondaryAttribute":"Subject-Verb Agreement: Choose the sentence that is grammatically correct.","TertiaryAttribute":null,"Payload":{"QuestionText":"<b>Subject-Verb Agreement:<\/b> Choose the sentence that is grammatically correct.","QuestionID":"QID22","QuestionType":"MC","Selector":"SAVR","SubSelector":"TX","QuestionDescription":"Subject-Verb Agreement: Choose the sentence that is grammatically correct.","Choices":{"1":{"Display":"The box of ornaments belong in the attic."},"2":{"Display":"Neither the teacher nor the students is ready for the assembly."},"3":{"Display":"All of the players is getting a trophy."},"4":{"Display":"The committee has decided to postpone the vote until next week."}},"ChoiceOrder":["1","2","3","4"],"Validation":{"Settings":{"Type":"None"}},"Language":[],"DataExportTag":"QID22","DataVisibility":{"Private":false,"Hidden":false},"Configuration":{"QuestionDescriptionOption":"UseText"},"GradingData":[{"ChoiceID":"4","Grades":{"SC_4I7dsxjXjX6QtaC":"1"},"index":0}],"NextChoiceId":5,"NextAnswerId":1}},{"SurveyID":"SV_9nlqAiEPS5QQ7eC","Element":"SQ","PrimaryAttribute":"QID23","SecondaryAttribute":"Pronoun-Antecedent Agreement: Which sentence uses pronouns correctly?","TertiaryAttribute":null,"Payload":{"QuestionText":"<b>Pronoun-Antecedent Agreement:<\/b> Which sentence uses pronouns correctly?","QuestionID":"QID23","QuestionType":"MC","Selector":"SAVR","SubSelector":"TX","QuestionDescription":"Pronoun-Antecedent Agreement: Which sentence uses pronouns correctly?","Choices":{"1":{"Display":"If a students want to succeed, he should do his homework."},"2":{"Display":"Each of the girls brought her own lunch to the field trip."},"3":{"Display":"The company updated their policy on employee absences."},"4":{"Display":"Somebody left their backpack in the hallway."}},"ChoiceOrder":["1","2","3","4"],"Validation":{"Settings":{"Type":"None"}},"Language":[],"DataExportTag":"QID23","DataVisibility":{"Private":false,"Hidden":false},"Configuration":{"QuestionDescriptionOption":"UseText"},"GradingData":[{"ChoiceID":"2","Grades":{"SC_4I7dsxjXjX6QtaC":"1"},"index":0}],"NextChoiceId":5,"NextAnswerId":1}},{"SurveyID":"SV_9nlqAiEPS5QQ7eC","Element":"SQ","PrimaryAttribute":"QID24","SecondaryAttribute":"Punctuation (Run-ons and Comma Splices): Identify the sentence with correct punctuation.","TertiaryAttribute":null,"Payload":{"QuestionText":"<b>Punctuation (Run-ons and Comma Splices): <\/b>Identify the sentence with correct punctuation.","QuestionID":"QID24","QuestionType":"MC","Selector":"SAVR","SubSelector":"TX","QuestionDescription":"Punctuation (Run-ons and Comma Splices): Identify the sentence with correct punctuation.","Choices":{"1":{"Display":"The weather was freezing, however we decided to go hiking anyway."},"2":{"Display":"I love reading historical fiction it teaches me about the past."},"3":{"Display":"She finished her math assignment early; therefore, she had time to read a book."},"4":{"Display":"Because the bell rang. The students packed up their bags."}},"ChoiceOrder":["1","2","3","4"],"Validation":{"Settings":{"Type":"None"}},"Language":[],"DataExportTag":"QID24","DataVisibility":{"Private":false,"Hidden":false},"Configuration":{"QuestionDescriptionOption":"UseText"},"GradingData":[{"ChoiceID":"3","Grades":{"SC_4I7dsxjXjX6QtaC":"1"},"index":0}],"NextChoiceId":5,"NextAnswerId":1}},{"SurveyID":"SV_9nlqAiEPS5QQ7eC","Element":"SQ","PrimaryAttribute":"QID25","SecondaryAttribute":"Punctuation (Apostrophes): Which sentence correctly uses apostrophes for possession and contraction?","TertiaryAttribute":null,"Payload":{"QuestionText":"<b>Punctuation (Apostrophes): <\/b>Which sentence correctly uses apostrophes for possession and contraction?","QuestionID":"QID25","QuestionType":"MC","Selector":"SAVR","SubSelector":"TX","QuestionDescription":"Punctuation (Apostrophes): Which sentence correctly uses apostrophes for possession and contraction?","Choices":{"1":{"Display":"Its a shame that the dog lost it's collar."},"2":{"Display":"The teachers lounge is located next to the principals office."},"3":{"Display":"They're going to park their car over there."},"4":{"Display":"The student's all passed the final exam."}},"ChoiceOrder":["1","2","3","4"],"Validation":{"Settings":{"Type":"None"}},"Language":[],"DataExportTag":"QID25","DataVisibility":{"Private":false,"Hidden":false},"Configuration":{"QuestionDescriptionOption":"UseText"},"GradingData":[{"ChoiceID":"2","Grades":{"SC_4I7dsxjXjX6QtaC":"1"},"index":0}],"NextChoiceId":5,"NextAnswerId":1}},{"SurveyID":"SV_9nlqAiEPS5QQ7eC","Element":"SQ","PrimaryAttribute":"QID26","SecondaryAttribute":"Capitalization: Identify the sentence with a capitalization error.","TertiaryAttribute":null,"Payload":{"QuestionText":"<b>Capitalization: <\/b>Identify the sentence with a capitalization error.","QuestionID":"QID26","QuestionType":"MC","Selector":"SAVR","SubSelector":"TX","QuestionDescription":"Capitalization: Identify the sentence with a capitalization error.","Choices":{"1":{"Display":"We are studying the causes of the American Revolution."},"2":{"Display":"We drove North for the holidays."},"3":{"Display":"He grew up in Harlem, New York"},"4":{"Display":"The President of the United States gave a speech on television."}},"ChoiceOrder":["1","2","3","4"],"Validation":{"Settings":{"Type":"None"}},"Language":[],"DataExportTag":"QID26","DataVisibility":{"Private":false,"Hidden":false},"Configuration":{"QuestionDescriptionOption":"UseText"},"GradingData":[{"ChoiceID":"2","Grades":{"SC_4I7dsxjXjX6QtaC":"1"},"index":0}],"NextChoiceId":5,"NextAnswerId":1}},{"SurveyID":"SV_9nlqAiEPS5QQ7eC","Element":"SQ","PrimaryAttribute":"QID27","SecondaryAttribute":"Commonly Confused Words: Choose the correct word to complete the sentence: \"The new policy will p...","TertiaryAttribute":null,"Payload":{"QuestionText":"<b>Commonly Confused Words:<\/b> Choose the correct word to complete the sentence: \"The new policy will positively ________ the school's attendance rate.\"","QuestionID":"QID27","QuestionType":"MC","Selector":"SAVR","SubSelector":"TX","QuestionDescription":"Commonly Confused Words: Choose the correct word to complete the sentence: \"The new policy will p...","Choices":{"1":{"Display":"affect"},"2":{"Display":"effect"},"3":{"Display":"infect"},"4":{"Display":"defect"}},"ChoiceOrder":["1","2","3","4"],"Validation":{"Settings":{"Type":"None"}},"Language":[],"DataExportTag":"QID27","DataVisibility":{"Private":false,"Hidden":false},"Configuration":{"QuestionDescriptionOption":"UseText"},"GradingData":[{"ChoiceID":"1","Grades":{"SC_4I7dsxjXjX6QtaC":"1"},"index":0}],"NextChoiceId":5,"NextAnswerId":1}},{"SurveyID":"SV_9nlqAiEPS5QQ7eC","Element":"SQ","PrimaryAttribute":"QID28","SecondaryAttribute":"Sentence Structure (Fragments): Which of the following is a sentence fragment?","TertiaryAttribute":null,"Payload":{"QuestionText":"<b>Sentence Structure (Fragments):<\/b> Which of the following is a sentence fragment?","QuestionID":"QID28","QuestionType":"MC","Selector":"SAVR","SubSelector":"TX","QuestionDescription":"Sentence Structure (Fragments): Which of the following is a sentence fragment?","Choices":{"1":{"Display":"Go to the principal's office immediately."},"2":{"Display":"Waiting for the school bus in the pouring rain."},"3":{"Display":"The assignment was difficult, but she completed it."},"4":{"Display":"He laughed."}},"ChoiceOrder":["1","2","3","4"],"Validation":{"Settings":{"Type":"None"}},"Language":[],"DataExportTag":"QID28","DataVisibility":{"Private":false,"Hidden":false},"Configuration":{"QuestionDescriptionOption":"UseText"},"GradingData":[{"ChoiceID":"2","Grades":{"SC_4I7dsxjXjX6QtaC":"1"},"index":0}],"NextChoiceId":5,"NextAnswerId":1}},{"SurveyID":"SV_9nlqAiEPS5QQ7eC","Element":"SQ","PrimaryAttribute":"QID29","SecondaryAttribute":"Modifiers: Which sentence contains a misplaced or dangling modifier?","TertiaryAttribute":null,"Payload":{"QuestionText":"<b>Modifiers: <\/b>Which sentence contains a misplaced or dangling modifier?","QuestionID":"QID29","QuestionType":"MC","Selector":"SAVR","SubSelector":"TX","QuestionDescription":"Modifiers: Which sentence contains a misplaced or dangling modifier?","Choices":{"1":{"Display":"Barking loudly, the dog chased the mail carrier down the street."},"2":{"Display":"Hoping to excuse the absence, the note was written and signed by his mother."},"3":{"Display":"The student quickly finished her lunch before the bell rang."},"4":{"Display":"Exhausted from the trip, she fell asleep on the couch."}},"ChoiceOrder":["1","2","3","4"],"Validation":{"Settings":{"Type":"None"}},"Language":[],"DataExportTag":"QID29","DataVisibility":{"Private":false,"Hidden":false},"Configuration":{"QuestionDescriptionOption":"UseText"},"GradingData":[{"ChoiceID":"2","Grades":{"SC_4I7dsxjXjX6QtaC":"1"},"index":0}],"NextChoiceId":5,"NextAnswerId":1}},{"SurveyID":"SV_9nlqAiEPS5QQ7eC","Element":"SQ","PrimaryAttribute":"QID3","SecondaryAttribute":"Add the following fractions and simplify: 1\/3 + 2\/5","TertiaryAttribute":null,"Payload":{"QuestionText":"Add the following fractions and simplify: 1\/3 + 2\/5\n","QuestionID":"QID3","QuestionType":"MC","Selector":"SAVR","SubSelector":"TX","QuestionDescription":"Add the following fractions and simplify: 1\/3 + 2\/5","Choices":{"1":{"Display":"3\/8"},"2":{"Display":"3\/15"},"3":{"Display":"11\/15"},"4":{"Display":"3\/15"}},"ChoiceOrder":["1","2","3","4"],"Validation":{"Settings":{"Type":"None"}},"Language":[],"DataExportTag":"QID3","DataVisibility":{"Private":false,"Hidden":false},"Configuration":{"QuestionDescriptionOption":"UseText"},"GradingData":[{"ChoiceID":"3","Grades":{"SC_4I7dsxjXjX6QtaC":"1"},"index":0}],"NextChoiceId":5,"NextAnswerId":1}},{"SurveyID":"SV_9nlqAiEPS5QQ7eC","Element":"SQ","PrimaryAttribute":"QID30","SecondaryAttribute":"Verb Tense Consistency: Choose the sentence that maintains consistent verb tense.","TertiaryAttribute":null,"Payload":{"QuestionText":"<b>Verb Tense Consistency: <\/b>Choose the sentence that maintains consistent verb tense.","QuestionID":"QID30","QuestionType":"MC","Selector":"SAVR","SubSelector":"TX","QuestionDescription":"Verb Tense Consistency: Choose the sentence that maintains consistent verb tense.","Choices":{"1":{"Display":"He walked into the classroom, sits down, and opens his notebook."},"2":{"Display":"The scientist conducts the experiment and recorded the data carefully."},"3":{"Display":"We were driving home when suddenly the sky turns dark."},"4":{"Display":"She practices the piano every day and hopes to perform in the recital."}},"ChoiceOrder":["1","2","3","4"],"Validation":{"Settings":{"Type":"None"}},"Language":[],"DataExportTag":"QID30","DataVisibility":{"Private":false,"Hidden":false},"Configuration":{"QuestionDescriptionOption":"UseText"},"GradingData":[{"ChoiceID":"4","Grades":{"SC_4I7dsxjXjX6QtaC":"1"},"index":0}],"NextChoiceId":5,"NextAnswerId":1}},{"SurveyID":"SV_9nlqAiEPS5QQ7eC","Element":"SQ","PrimaryAttribute":"QID31","SecondaryAttribute":"Spelling: Identify the correctly spelled word to complete the sentence: \"The school board reached...","TertiaryAttribute":null,"Payload":{"QuestionText":"<b>Spelling: <\/b>Identify the correctly spelled word to complete the sentence: \"The school board reached a ________ on the new dress code.\"","QuestionID":"QID31","QuestionType":"MC","Selector":"SAVR","SubSelector":"TX","QuestionDescription":"Spelling: Identify the correctly spelled word to complete the sentence: \"The school board reached...","Choices":{"1":{"Display":"concensus"},"2":{"Display":"consensus"},"3":{"Display":"consencus"},"4":{"Display":"consenssus"}},"ChoiceOrder":["1","2","3","4"],"Validation":{"Settings":{"Type":"None"}},"Language":[],"DataExportTag":"QID31","DataVisibility":{"Private":false,"Hidden":false},"Configuration":{"QuestionDescriptionOption":"UseText"},"GradingData":[{"ChoiceID":"2","Grades":{"SC_4I7dsxjXjX6QtaC":"1"},"index":0}],"NextChoiceId":5,"NextAnswerId":1}},{"SurveyID":"SV_9nlqAiEPS5QQ7eC","Element":"SQ","PrimaryAttribute":"QID32","SecondaryAttribute":"Parts of Speech: In the sentence \"The surprisingly loud thunder frightened the children,\" what pa...","TertiaryAttribute":null,"Payload":{"QuestionText":"<b>Parts of Speech:<\/b> In the sentence \"The surprisingly loud thunder frightened the children,\" what part of speech is the word surprisingly?","QuestionID":"QID32","QuestionType":"MC","Selector":"SAVR","SubSelector":"TX","QuestionDescription":"Parts of Speech: In the sentence \"The surprisingly loud thunder frightened the children,\" what pa...","Choices":{"1":{"Display":"Adjective"},"2":{"Display":"Noun"},"3":{"Display":"Adverb"},"4":{"Display":"Verb"}},"ChoiceOrder":["1","2","3","4"],"Validation":{"Settings":{"Type":"None"}},"Language":[],"DataExportTag":"QID32","DataVisibility":{"Private":false,"Hidden":false},"Configuration":{"QuestionDescriptionOption":"UseText"},"GradingData":[{"ChoiceID":"3","Grades":{"SC_4I7dsxjXjX6QtaC":"1"},"index":0}],"NextChoiceId":5,"NextAnswerId":1}},{"SurveyID":"SV_9nlqAiEPS5QQ7eC","Element":"SQ","PrimaryAttribute":"QID33","SecondaryAttribute":"Transition Words: Choose the best transition word to complete the passage: \"The science fair was...","TertiaryAttribute":null,"Payload":{"QuestionText":"<b>Transition Words: <\/b>Choose the best transition word to complete the passage: \"The science fair was a great success. ________, several students won scholarships for their projects.\"","QuestionID":"QID33","QuestionType":"MC","Selector":"SAVR","SubSelector":"TX","QuestionDescription":"Transition Words: Choose the best transition word to complete the passage: \"The science fair was...","Choices":{"1":{"Display":"Furthermore"},"2":{"Display":"Nevertheless"},"3":{"Display":"On the contrary"},"4":{"Display":"Meanwhile"}},"ChoiceOrder":["1","2","3","4"],"Validation":{"Settings":{"Type":"None"}},"Language":[],"DataExportTag":"QID33","DataVisibility":{"Private":false,"Hidden":false},"Configuration":{"QuestionDescriptionOption":"UseText"},"GradingData":[{"ChoiceID":"1","Grades":{"SC_4I7dsxjXjX6QtaC":"1"},"index":0}],"NextChoiceId":5,"NextAnswerId":1}},{"SurveyID":"SV_9nlqAiEPS5QQ7eC","Element":"SQ","PrimaryAttribute":"QID34","SecondaryAttribute":"Scenario: Pre-writing. A student is staring at a blank piece of paper for an assignment titled \"M...","TertiaryAttribute":null,"Payload":{"QuestionText":"Scenario: <b>Pre-writing.<\/b> A student is staring at a blank piece of paper for an assignment titled \"My Hero.\" When asked, the student says, \"I don't have any heroes.\" What is the best instructional prompt?\n","QuestionID":"QID34","QuestionType":"MC","Selector":"SAVR","SubSelector":"TX","QuestionDescription":"Scenario: Pre-writing. A student is staring at a blank piece of paper for an assignment titled \"M...","Choices":{"1":{"Display":"Just write about Abraham Lincoln; he is an easy hero to write about."},"2":{"Display":"Let's brainstorm. Who is someone that helps you or that you look up to in your everyday life?"},"3":{"Display":"You have to write something or you will get a zero on this assignment."},"4":{"Display":"Look up the word 'hero' in the dictionary and copy the definition."}},"ChoiceOrder":["1","2","3","4"],"Validation":{"Settings":{"Type":"None"}},"Language":[],"DataExportTag":"QID34","DataVisibility":{"Private":false,"Hidden":false},"Configuration":{"QuestionDescriptionOption":"UseText"},"GradingData":[{"ChoiceID":"2","Grades":{"SC_4I7dsxjXjX6QtaC":"1"},"index":0}],"NextChoiceId":5,"NextAnswerId":1}},{"SurveyID":"SV_9nlqAiEPS5QQ7eC","Element":"SQ","PrimaryAttribute":"QID35","SecondaryAttribute":"Scenario: Drafting. A first-grade student is writing a story but stops after every word to ask yo...","TertiaryAttribute":null,"Payload":{"QuestionText":"Scenario: <b>Drafting.<\/b> A first-grade student is writing a story but stops after every word to ask you how to spell it. How should the paraeducator respond to promote writing fluency?","QuestionID":"QID35","QuestionType":"MC","Selector":"SAVR","SubSelector":"TX","QuestionDescription":"Scenario: Drafting. A first-grade student is writing a story but stops after every word to ask yo...","Choices":{"1":{"Display":"Spell every word for them so the story is perfectly accurate."},"2":{"Display":"Tell them to write the sounds they hear and circle words they aren't sure about to fix later."},"3":{"Display":"Make them look up every single word in the dictionary before writing it down."},"4":{"Display":"Take the pencil and write the story for them as they dictate it."}},"ChoiceOrder":["1","2","3","4"],"Validation":{"Settings":{"Type":"None"}},"Language":[],"DataExportTag":"QID35","DataVisibility":{"Private":false,"Hidden":false},"Configuration":{"QuestionDescriptionOption":"UseText"},"GradingData":[{"ChoiceID":"2","Grades":{"SC_4I7dsxjXjX6QtaC":"1"},"index":0}],"NextChoiceId":5,"NextAnswerId":1}},{"SurveyID":"SV_9nlqAiEPS5QQ7eC","Element":"SQ","PrimaryAttribute":"QID36","SecondaryAttribute":"Scenario: Revising vs. Editing. You are helping a student with the revising stage of a short stor...","TertiaryAttribute":null,"Payload":{"QuestionText":"Scenario: <b>Revising vs. Editing. <\/b>You are helping a student with the revising stage of a short story. Which of the following should you focus on?","QuestionID":"QID36","QuestionType":"MC","Selector":"SAVR","SubSelector":"TX","QuestionDescription":"Scenario: Revising vs. Editing. You are helping a student with the revising stage of a short stor...","Choices":{"1":{"Display":"Ensuring every sentence ends with the correct punctuation mark."},"2":{"Display":"Checking that all proper nouns are capitalized."},"3":{"Display":"Asking the student if their arguments make sense and if their paragraphs are in a logical order."},"4":{"Display":"Correcting all the misspelled words with a red pen."}},"ChoiceOrder":["1","2","3","4"],"Validation":{"Settings":{"Type":"None"}},"Language":[],"DataExportTag":"QID36","DataVisibility":{"Private":false,"Hidden":false},"Configuration":{"QuestionDescriptionOption":"UseText"},"GradingData":[{"ChoiceID":"3","Grades":{"SC_4I7dsxjXjX6QtaC":"1"},"index":0}],"NextChoiceId":5,"NextAnswerId":1}},{"SurveyID":"SV_9nlqAiEPS5QQ7eC","Element":"SQ","PrimaryAttribute":"QID37","SecondaryAttribute":"Scenario: Supporting English Learners (EL). An EL student has great ideas for a paragraph about t...","TertiaryAttribute":null,"Payload":{"QuestionText":"Scenario: <b>Supporting English Learners (EL).<\/b> An EL student has great ideas for a paragraph about the water cycle but struggles to connect the sentences. What is the most appropriate scaffolding tool?","QuestionID":"QID37","QuestionType":"MC","Selector":"SAVR","SubSelector":"TX","QuestionDescription":"Scenario: Supporting English Learners (EL). An EL student has great ideas for a paragraph about t...","Choices":{"1":{"Display":"A list of transition words and sentence frames."},"2":{"Display":"A lower-grade level coloring sheet about rain."},"3":{"Display":"Having the student write the paragraph in their native language instead."},"4":{"Display":"Telling the student to read the textbook again."}},"ChoiceOrder":["1","2","3","4"],"Validation":{"Settings":{"Type":"None"}},"Language":[],"DataExportTag":"QID37","DataVisibility":{"Private":false,"Hidden":false},"Configuration":{"QuestionDescriptionOption":"UseText"},"GradingData":[{"ChoiceID":"1","Grades":{"SC_4I7dsxjXjX6QtaC":"1"},"index":0}],"NextChoiceId":5,"NextAnswerId":1}},{"SurveyID":"SV_9nlqAiEPS5QQ7eC","Element":"SQ","PrimaryAttribute":"QID38","SecondaryAttribute":"Scenario: Peer Review. Two students are doing a peer review, but one student simply wrote \"It is...","TertiaryAttribute":null,"Payload":{"QuestionText":"Scenario: <b>Peer Review.<\/b> Two students are doing a peer review, but one student simply wrote \"It is good\" on their partner's paper. How can you guide them to provide better feedback?","QuestionID":"QID38","QuestionType":"MC","Selector":"SAVR","SubSelector":"TX","QuestionDescription":"Scenario: Peer Review. Two students are doing a peer review, but one student simply wrote \"It is...","Choices":{"1":{"Display":"Tell the student that \"It is good\" is an unacceptable answer and give them a detention."},"2":{"Display":"Provide a simple checklist, asking them to identify one thing they liked and one thing that confused them."},"3":{"Display":"Do the peer review for them to show them how it is done."},"4":{"Display":"Tell the partner to ignore the feedback and just turn it in."}},"ChoiceOrder":["1","2","3","4"],"Validation":{"Settings":{"Type":"None"}},"Language":[],"DataExportTag":"QID38","DataVisibility":{"Private":false,"Hidden":false},"Configuration":{"QuestionDescriptionOption":"UseText"},"GradingData":[{"ChoiceID":"2","Grades":{"SC_4I7dsxjXjX6QtaC":"1"},"index":0}],"NextChoiceId":5,"NextAnswerId":1}},{"SurveyID":"SV_9nlqAiEPS5QQ7eC","Element":"SQ","PrimaryAttribute":"QID39","SecondaryAttribute":"Scenario: Formulating a Topic Sentence. A second-grade student is writing an informative parapgra...","TertiaryAttribute":null,"Payload":{"QuestionText":"Scenario: <b>Formulating a Topic Sentence.<\/b> A second-grade student is writing an informative parapgraph about frogs. The current first sentence is: \"Frogs are a thing.\" How should the paraeducator assist?","QuestionID":"QID39","QuestionType":"MC","Selector":"SAVR","SubSelector":"TX","QuestionDescription":"Scenario: Formulating a Topic Sentence. A second-grade student is writing an informative parapgra...","Choices":{"1":{"Display":"Write a better topic sentence for the student to copy."},"2":{"Display":"Tell the student the sentence is fine and to move on to the body paragraphs."},"3":{"Display":"Ask guiding questions like, \"What kind of animal is a frog, and what is one interesting fact you learned about them?\" to help them make it more specific."},"4":{"Display":"Cross out the sentence and tell them to start over."}},"ChoiceOrder":["1","2","3","4"],"Validation":{"Settings":{"Type":"None"}},"Language":[],"DataExportTag":"QID39","DataVisibility":{"Private":false,"Hidden":false},"Configuration":{"QuestionDescriptionOption":"UseText"},"NextChoiceId":5,"NextAnswerId":1,"GradingData":[{"ChoiceID":"3","Grades":{"SC_4I7dsxjXjX6QtaC":"1"},"index":0}]}},{"SurveyID":"SV_9nlqAiEPS5QQ7eC","Element":"SQ","PrimaryAttribute":"QID4","SecondaryAttribute":"A school is purchasing a new tablet that normally costs $300. The vendor offers a 20% educational...","TertiaryAttribute":null,"Payload":{"QuestionText":"A school is purchasing a new tablet that normally costs $300. The vendor offers a 20% educational discount. What is the final price of the tablet?\n","QuestionID":"QID4","QuestionType":"MC","Selector":"SAVR","SubSelector":"TX","QuestionDescription":"A school is purchasing a new tablet that normally costs $300. The vendor offers a 20% educational...","Choices":{"1":{"Display":"$280"},"2":{"Display":"$260"},"3":{"Display":"$240"},"4":{"Display":"$60"}},"ChoiceOrder":["1","2","3","4"],"Validation":{"Settings":{"Type":"None"}},"Language":[],"DataExportTag":"QID4","DataVisibility":{"Private":false,"Hidden":false},"Configuration":{"QuestionDescriptionOption":"UseText"},"GradingData":[{"ChoiceID":"3","Grades":{"SC_4I7dsxjXjX6QtaC":"1"},"index":0}],"NextChoiceId":5,"NextAnswerId":1}},{"SurveyID":"SV_9nlqAiEPS5QQ7eC","Element":"SQ","PrimaryAttribute":"QID40","SecondaryAttribute":"Scenario: Constructive Feedback. When pointing out errors on a student rough draft, what is the b...","TertiaryAttribute":null,"Payload":{"QuestionText":"Scenario: <b>Constructive Feedback.<\/b> When pointing out errors on a student rough draft, what is the best approach?","QuestionID":"QID40","QuestionType":"MC","Selector":"SAVR","SubSelector":"TX","QuestionDescription":"Scenario: Constructive Feedback. When pointing out errors on a student rough draft, what is the b...","Choices":{"1":{"Display":"Mark every single error on the page so the student knows exactly what they did wrong."},"2":{"Display":"Focus on one or two specific types of errors that align with the lesson objective."},"3":{"Display":"Only praise the student and ignore the errors to build self-esteem."},"4":{"Display":"Have another student correct the errors."}},"ChoiceOrder":["1","2","3","4"],"Validation":{"Settings":{"Type":"None"}},"Language":[],"DataExportTag":"QID40","DataVisibility":{"Private":false,"Hidden":false},"Configuration":{"QuestionDescriptionOption":"UseText"},"GradingData":[{"ChoiceID":"2","Grades":{"SC_4I7dsxjXjX6QtaC":"1"},"index":0}],"NextChoiceId":5,"NextAnswerId":1}},{"SurveyID":"SV_9nlqAiEPS5QQ7eC","Element":"SQ","PrimaryAttribute":"QID41","SecondaryAttribute":"Scenario: Using a Rubric. The teacher has provided a 4-point rubric for a descriptive writing ass...","TertiaryAttribute":null,"Payload":{"QuestionText":"Scenario: <b>Using a Rubric.<\/b> The teacher has provided a 4-point rubric for a descriptive writing assignment. A student asks you if their paper is done. How should you respond?","QuestionID":"QID41","QuestionType":"MC","Selector":"SAVR","SubSelector":"TX","QuestionDescription":"Scenario: Using a Rubric. The teacher has provided a 4-point rubric for a descriptive writing ass...","Choices":{"1":{"Display":"Read the paper quickly and say, \"Yes, it looks good.\""},"2":{"Display":"Tell the student, \"Let's read through your paper together and compare it to the rubric requirements to see if you missed anything.\""},"3":{"Display":"Say, \"I am not the teacher, so I cannot tell you if it is done.\""},"4":{"Display":"Tell the student to keep writing until they fill up the entire page."}},"ChoiceOrder":["1","2","3","4"],"Validation":{"Settings":{"Type":"None"}},"Language":[],"DataExportTag":"QID41","DataVisibility":{"Private":false,"Hidden":false},"Configuration":{"QuestionDescriptionOption":"UseText"},"GradingData":[{"ChoiceID":"2","Grades":{"SC_4I7dsxjXjX6QtaC":"1"},"index":0}],"NextChoiceId":5,"NextAnswerId":1}},{"SurveyID":"SV_9nlqAiEPS5QQ7eC","Element":"SQ","PrimaryAttribute":"QID42","SecondaryAttribute":"Read the passage: \"Inclusion is a model wherein students with special needs spend most or all of...","TertiaryAttribute":null,"Payload":{"QuestionText":"Read the passage: \"Inclusion is a model wherein students with special needs spend most or all of their time with non-disabled peers. Application of this model requires differentiated instruction, where teachers and paraprofessionals modify the delivery of content to meet varied learning profiles. While the primary goal is social and academic integration, implementation requires significant collaboration between general education and special education staff.\" <b>What is the primary requirement for a successful Inclusion model according to the passage?<\/b>","QuestionID":"QID42","QuestionType":"MC","Selector":"SAVR","SubSelector":"TX","QuestionDescription":"Read the passage: \"Inclusion is a model wherein students with special needs spend most or all of...","Choices":{"1":{"Display":"Separating students based on ability levels."},"2":{"Display":"Modifying how content is delivered to different students."},"3":{"Display":"Reducing the amount of time spent in the classroom."},"4":{"Display":"Hiring more administrative staff."}},"ChoiceOrder":["1","2","3","4"],"Validation":{"Settings":{"Type":"None"}},"Language":[],"DataExportTag":"QID42","DataVisibility":{"Private":false,"Hidden":false},"Configuration":{"QuestionDescriptionOption":"UseText"},"GradingData":[{"ChoiceID":"2","Grades":{"SC_4I7dsxjXjX6QtaC":"1"},"index":0}],"NextChoiceId":5,"NextAnswerId":1}},{"SurveyID":"SV_9nlqAiEPS5QQ7eC","Element":"SQ","PrimaryAttribute":"QID43","SecondaryAttribute":"Based on the inclusion passage, the phrase \"learning profiles\" most likely refers to:","TertiaryAttribute":null,"Payload":{"QuestionText":"Based on the inclusion passage, the phrase <b>\"learning profiles\"<\/b> most likely refers to:","QuestionID":"QID43","QuestionType":"MC","Selector":"SAVR","SubSelector":"TX","QuestionDescription":"Based on the inclusion passage, the phrase \"learning profiles\" most likely refers to:","Choices":{"1":{"Display":"A student physical appearance."},"2":{"Display":"A student historical grades."},"3":{"Display":"A student unique strengths, needs, and learning styles."},"4":{"Display":"A student disciplinary record."}},"ChoiceOrder":["1","2","3","4"],"Validation":{"Settings":{"Type":"None"}},"Language":[],"DataExportTag":"QID43","DataVisibility":{"Private":false,"Hidden":false},"Configuration":{"QuestionDescriptionOption":"UseText"},"GradingData":[{"ChoiceID":"3","Grades":{"SC_4I7dsxjXjX6QtaC":"1"},"index":0}],"NextChoiceId":5,"NextAnswerId":1}},{"SurveyID":"SV_9nlqAiEPS5QQ7eC","Element":"SQ","PrimaryAttribute":"QID44","SecondaryAttribute":"According to the inclusion text, what is a necessary component for the implementation of inclusion?","TertiaryAttribute":null,"Payload":{"QuestionText":"According to the inclusion text, <b>what is a necessary component for the implementation of inclusion?<\/b>","QuestionID":"QID44","QuestionType":"MC","Selector":"SAVR","SubSelector":"TX","QuestionDescription":"According to the inclusion text, what is a necessary component for the implementation of inclusion?","Choices":{"1":{"Display":"Increased student testing."},"2":{"Display":"Teamwork between different departments."},"3":{"Display":"Standardizing all assignments."},"4":{"Display":"Decreasing the role of the paraprofessional."}},"ChoiceOrder":["1","2","3","4"],"Validation":{"Settings":{"Type":"None"}},"Language":[],"DataExportTag":"QID44","DataVisibility":{"Private":false,"Hidden":false},"Configuration":{"QuestionDescriptionOption":"UseText"},"GradingData":[{"ChoiceID":"2","Grades":{"SC_4I7dsxjXjX6QtaC":"1"},"index":0}],"NextChoiceId":5,"NextAnswerId":1}},{"SurveyID":"SV_9nlqAiEPS5QQ7eC","Element":"SQ","PrimaryAttribute":"QID45","SecondaryAttribute":"Read the passage: \"All staff must familiarize themselves with the Material Safety Data Sheets (MS...","TertiaryAttribute":null,"Payload":{"QuestionText":"Read the passage: \"All staff must familiarize themselves with the Material Safety Data Sheets (MSDS) located in the main office. In the event of a chemical spill, the area must be cordoned off immediately. Avoid direct inhalation of vapors. Use the neutralizing agent found in Kit-B before attempting to clean the surface with standard detergents.\" <b>What is the first step a staff member should take if a chemical spill occurs?\n<\/b>","QuestionID":"QID45","QuestionType":"MC","Selector":"SAVR","SubSelector":"TX","QuestionDescription":"Read the passage: \"All staff must familiarize themselves with the Material Safety Data Sheets (MS...","Choices":{"1":{"Display":"Clean the surface with detergent."},"2":{"Display":"Go to the main office to read the MSDS."},"3":{"Display":"Isolate the area to prevent access."},"4":{"Display":"Find Kit-B."}},"ChoiceOrder":["1","2","3","4"],"Validation":{"Settings":{"Type":"None"}},"Language":[],"DataExportTag":"QID45","DataVisibility":{"Private":false,"Hidden":false},"Configuration":{"QuestionDescriptionOption":"UseText"},"GradingData":[{"ChoiceID":"3","Grades":{"SC_4I7dsxjXjX6QtaC":"1"},"index":0}],"NextChoiceId":5,"NextAnswerId":1}},{"SurveyID":"SV_9nlqAiEPS5QQ7eC","Element":"SQ","PrimaryAttribute":"QID46","SecondaryAttribute":"The author's tone in the chemical spill passage can best be described as:","TertiaryAttribute":null,"Payload":{"QuestionText":"The author's <b>tone<\/b> in the chemical spill passage can best be described as:\n","QuestionID":"QID46","QuestionType":"MC","Selector":"SAVR","SubSelector":"TX","QuestionDescription":"The author's tone in the chemical spill passage can best be described as:","Choices":{"1":{"Display":"Persuasive"},"2":{"Display":"Instructional"},"3":{"Display":"Narrative"},"4":{"Display":"Humorous"}},"ChoiceOrder":["1","2","3","4"],"Validation":{"Settings":{"Type":"None"}},"Language":[],"DataExportTag":"QID46","DataVisibility":{"Private":false,"Hidden":false},"Configuration":{"QuestionDescriptionOption":"UseText"},"GradingData":[{"ChoiceID":"2","Grades":{"SC_4I7dsxjXjX6QtaC":"1"},"index":0}],"NextChoiceId":5,"NextAnswerId":1}},{"SurveyID":"SV_9nlqAiEPS5QQ7eC","Element":"SQ","PrimaryAttribute":"QID47","SecondaryAttribute":"Which of the following statements about the chemical spill passage is an opinion rather than a fact?","TertiaryAttribute":null,"Payload":{"QuestionText":"Which of the following statements about the chemical spill passage is an <b>opinion<\/b> rather than a fact?","QuestionID":"QID47","QuestionType":"MC","Selector":"SAVR","SubSelector":"TX","QuestionDescription":"Which of the following statements about the chemical spill passage is an opinion rather than a fact?","Choices":{"1":{"Display":"MSDS sheets are located in the main office."},"2":{"Display":"Direct inhalation of vapors should be avoided."},"3":{"Display":"Cleaning a spill is the most difficult part of the job."},"4":{"Display":"Kit-B contains a neutralizing agent."}},"ChoiceOrder":["1","2","3","4"],"Validation":{"Settings":{"Type":"None"}},"Language":[],"DataExportTag":"QID47","DataVisibility":{"Private":false,"Hidden":false},"Configuration":{"QuestionDescriptionOption":"UseText"},"GradingData":[{"ChoiceID":"3","Grades":{"SC_4I7dsxjXjX6QtaC":"1"},"index":0}],"NextChoiceId":5,"NextAnswerId":1}},{"SurveyID":"SV_9nlqAiEPS5QQ7eC","Element":"SQ","PrimaryAttribute":"QID48","SecondaryAttribute":"\"The teacher instructions were ambiguous, leading to confusion among the students.\" In this sente...","TertiaryAttribute":null,"Payload":{"QuestionText":"\"The teacher instructions were ambiguous, leading to confusion among the students.\" In this sentence, <b>ambiguous<\/b> means:","QuestionID":"QID48","QuestionType":"MC","Selector":"SAVR","SubSelector":"TX","QuestionDescription":"\"The teacher instructions were ambiguous, leading to confusion among the students.\" In this sente...","Choices":{"1":{"Display":"Very clear"},"2":{"Display":"Unclear or open to multiple interpretations"},"3":{"Display":"Loud and aggressive"},"4":{"Display":"Scientifically accurate"}},"ChoiceOrder":["1","2","3","4"],"Validation":{"Settings":{"Type":"None"}},"Language":[],"DataExportTag":"QID48","DataVisibility":{"Private":false,"Hidden":false},"Configuration":{"QuestionDescriptionOption":"UseText"},"GradingData":[{"ChoiceID":"2","Grades":{"SC_4I7dsxjXjX6QtaC":"1"},"index":0}],"NextChoiceId":5,"NextAnswerId":1}},{"SurveyID":"SV_9nlqAiEPS5QQ7eC","Element":"SQ","PrimaryAttribute":"QID49","SecondaryAttribute":"\"To substantiate her claim, the student cited three different primary sources.\" In this sentence,...","TertiaryAttribute":null,"Payload":{"QuestionText":"\"To substantiate her claim, the student cited three different primary sources.\" In this sentence, <b>substantiate<\/b> means:","QuestionID":"QID49","QuestionType":"MC","Selector":"SAVR","SubSelector":"TX","QuestionDescription":"\"To substantiate her claim, the student cited three different primary sources.\" In this sentence,...","Choices":{"1":{"Display":"To ignore"},"2":{"Display":"To provide evidence for"},"3":{"Display":"To make fun of"},"4":{"Display":"To forget"}},"ChoiceOrder":["1","2","3","4"],"Validation":{"Settings":{"Type":"None"}},"Language":[],"DataExportTag":"QID49","DataVisibility":{"Private":false,"Hidden":false},"Configuration":{"QuestionDescriptionOption":"UseText"},"GradingData":[{"ChoiceID":"2","Grades":{"SC_4I7dsxjXjX6QtaC":"1"},"index":0}],"NextChoiceId":5,"NextAnswerId":1}},{"SurveyID":"SV_9nlqAiEPS5QQ7eC","Element":"SQ","PrimaryAttribute":"QID5","SecondaryAttribute":"Solve for x in the following equation: 3x - 5 = 16","TertiaryAttribute":null,"Payload":{"QuestionText":"Solve for x in the following equation: 3x - 5 = 16\n","QuestionID":"QID5","QuestionType":"MC","Selector":"SAVR","SubSelector":"TX","QuestionDescription":"Solve for x in the following equation: 3x - 5 = 16","Choices":{"1":{"Display":"x = 7"},"2":{"Display":"x = 11"},"3":{"Display":"x = 21"},"4":{"Display":"x = 4"}},"ChoiceOrder":["1","2","3","4"],"Validation":{"Settings":{"Type":"None"}},"Language":[],"DataExportTag":"QID5","DataVisibility":{"Private":false,"Hidden":false},"Configuration":{"QuestionDescriptionOption":"UseText"},"GradingData":[{"ChoiceID":"1","Grades":{"SC_4I7dsxjXjX6QtaC":"1"},"index":0}],"NextChoiceId":5,"NextAnswerId":1}},{"SurveyID":"SV_9nlqAiEPS5QQ7eC","Element":"SQ","PrimaryAttribute":"QID50","SecondaryAttribute":"A student is struggling with Fluency (reading at a steady, conversational pace). Which interventi...","TertiaryAttribute":null,"Payload":{"QuestionText":"A student is struggling with <b>Fluency<\/b> (reading at a steady, conversational pace). Which intervention is most appropriate for a paraprofessional to lead?","QuestionID":"QID50","QuestionType":"MC","Selector":"SAVR","SubSelector":"TX","QuestionDescription":"A student is struggling with Fluency (reading at a steady, conversational pace). Which interventi...","Choices":{"1":{"Display":"Silent reading for 30 minutes."},"2":{"Display":"Choral reading (reading the same text aloud at the same time as the student)."},"3":{"Display":"Defining difficult words before the student sees them."},"4":{"Display":"Having the student write the definitions of 20 new words."}},"ChoiceOrder":["1","2","3","4"],"Validation":{"Settings":{"Type":"None"}},"Language":[],"DataExportTag":"QID50","DataVisibility":{"Private":false,"Hidden":false},"Configuration":{"QuestionDescriptionOption":"UseText"},"GradingData":[{"ChoiceID":"2","Grades":{"SC_4I7dsxjXjX6QtaC":"1"},"index":0}],"NextChoiceId":5,"NextAnswerId":1}},{"SurveyID":"SV_9nlqAiEPS5QQ7eC","Element":"SQ","PrimaryAttribute":"QID51","SecondaryAttribute":"A student stops at a word they do not know and says, \"I give up.\" What is the best way to support...","TertiaryAttribute":null,"Payload":{"QuestionText":"A student stops at a word they do not know and says, \"I give up.\" What is the best way to support their <b>Self-Correction<\/b> skills?","QuestionID":"QID51","QuestionType":"MC","Selector":"SAVR","SubSelector":"TX","QuestionDescription":"A student stops at a word they do not know and says, \"I give up.\" What is the best way to support...","Choices":{"1":{"Display":"Read the word for them so they do not lose confidence."},"2":{"Display":"Ask, \"What sound does the first letter make?\" and \"Does that word make sense in this sentence?\""},"3":{"Display":"Tell them to skip the paragraph."},"4":{"Display":"Send them to the teacher for help."}},"ChoiceOrder":["1","2","3","4"],"Validation":{"Settings":{"Type":"None"}},"Language":[],"DataExportTag":"QID51","DataVisibility":{"Private":false,"Hidden":false},"Configuration":{"QuestionDescriptionOption":"UseText"},"GradingData":[{"ChoiceID":"2","Grades":{"SC_4I7dsxjXjX6QtaC":"1"},"index":0}],"NextChoiceId":5,"NextAnswerId":1}},{"SurveyID":"SV_9nlqAiEPS5QQ7eC","Element":"SQ","PrimaryAttribute":"QID52","SecondaryAttribute":"You are helping a student with predicting. Which question should you ask before they start a new...","TertiaryAttribute":null,"Payload":{"QuestionText":"You are helping a student with <b>predicting<\/b>. Which question should you ask before they start a new chapter?","QuestionID":"QID52","QuestionType":"MC","Selector":"SAVR","SubSelector":"TX","QuestionDescription":"You are helping a student with predicting. Which question should you ask before they start a new...","Choices":{"1":{"Display":"Who was the author of this book?"},"2":{"Display":"Based on what has happened so far, what do you think might happen next?"},"3":{"Display":"Can you spell the main character name?"},"4":{"Display":"How many pages are in this chapter?"}},"ChoiceOrder":["1","2","3","4"],"Validation":{"Settings":{"Type":"None"}},"Language":[],"DataExportTag":"QID52","DataVisibility":{"Private":false,"Hidden":false},"Configuration":{"QuestionDescriptionOption":"UseText"},"NextChoiceId":5,"NextAnswerId":1,"GradingData":[{"ChoiceID":"2","Grades":{"SC_4I7dsxjXjX6QtaC":"1"},"index":0}]}},{"SurveyID":"SV_9nlqAiEPS5QQ7eC","Element":"SQ","PrimaryAttribute":"QID53","SecondaryAttribute":"A student is confused by a metaphor in a poem: \"The snow was a white blanket.\" How should you exp...","TertiaryAttribute":null,"Payload":{"QuestionText":"A student is confused by a <b>metaphor<\/b> in a poem: \"The snow was a white blanket.\" How should you explain this to the student?","QuestionID":"QID53","QuestionType":"MC","Selector":"SAVR","SubSelector":"TX","QuestionDescription":"A student is confused by a metaphor in a poem: \"The snow was a white blanket.\" How should you exp...","Choices":{"1":{"Display":"Explain that it is a mistake; snow is not actually a blanket."},"2":{"Display":"Help the student see how the snow and a blanket are similar."},"3":{"Display":"Tell the student to ignore the line."},"4":{"Display":"Ask the student to count how many words are in the sentence."}},"ChoiceOrder":["1","2","3","4"],"Validation":{"Settings":{"Type":"None"}},"Language":[],"DataExportTag":"QID53","DataVisibility":{"Private":false,"Hidden":false},"Configuration":{"QuestionDescriptionOption":"UseText"},"GradingData":[{"ChoiceID":"2","Grades":{"SC_4I7dsxjXjX6QtaC":"1"},"index":0}],"NextChoiceId":5,"NextAnswerId":1}},{"SurveyID":"SV_9nlqAiEPS5QQ7eC","Element":"SQ","PrimaryAttribute":"QID54","SecondaryAttribute":"A student cannot find the Supporting Details for a main idea. What is a good prompt?","TertiaryAttribute":null,"Payload":{"QuestionText":"A student cannot find the <b>Supporting Details<\/b> for a main idea. What is a good prompt?","QuestionID":"QID54","QuestionType":"MC","Selector":"SAVR","SubSelector":"TX","QuestionDescription":"A student cannot find the Supporting Details for a main idea. What is a good prompt?","Choices":{"1":{"Display":"Just pick any sentence."},"2":{"Display":"Look for sentences that give more information or examples of the main idea."},"3":{"Display":"Close your eyes and point to a line."},"4":{"Display":"Write down your own opinion instead."}},"ChoiceOrder":["1","2","3","4"],"Validation":{"Settings":{"Type":"None"}},"Language":[],"DataExportTag":"QID54","DataVisibility":{"Private":false,"Hidden":false},"Configuration":{"QuestionDescriptionOption":"UseText"},"GradingData":[{"ChoiceID":"2","Grades":{"SC_4I7dsxjXjX6QtaC":"1"},"index":0}],"NextChoiceId":5,"NextAnswerId":1}},{"SurveyID":"SV_9nlqAiEPS5QQ7eC","Element":"SQ","PrimaryAttribute":"QID55","SecondaryAttribute":"A student is looking for the definition of the word \"photosynthesis\" within their science textboo...","TertiaryAttribute":null,"Payload":{"QuestionText":"A student is looking for the definition of the word \"photosynthesis\" within their science textbook. <b>Where is the most efficient place for the paraeducator to direct them?\n<\/b>","QuestionID":"QID55","QuestionType":"MC","Selector":"SAVR","SubSelector":"TX","QuestionDescription":"A student is looking for the definition of the word \"photosynthesis\" within their science textboo...","Choices":{"1":{"Display":"The Table of Contents"},"2":{"Display":"The Index"},"3":{"Display":"The Glossary"},"4":{"Display":"The Preface"}},"ChoiceOrder":["1","2","3","4"],"Validation":{"Settings":{"Type":"None"}},"Language":[],"DataExportTag":"QID55","DataVisibility":{"Private":false,"Hidden":false},"Configuration":{"QuestionDescriptionOption":"UseText"},"GradingData":[{"ChoiceID":"3","Grades":{"SC_4I7dsxjXjX6QtaC":"1"},"index":0}],"NextChoiceId":5,"NextAnswerId":1}},{"SurveyID":"SV_9nlqAiEPS5QQ7eC","Element":"SQ","PrimaryAttribute":"QID56","SecondaryAttribute":"A Kindergarten student is learning to segment sounds. You ask them to say the individual sounds i...","TertiaryAttribute":null,"Payload":{"QuestionText":"A Kindergarten student is learning to segment sounds. You ask them to say the individual sounds in the word \"cat.\" <b>Which response indicates they have mastered this skill?\n<\/b>","QuestionID":"QID56","QuestionType":"MC","Selector":"SAVR","SubSelector":"TX","QuestionDescription":"A Kindergarten student is learning to segment sounds. You ask them to say the individual sounds i...","Choices":{"1":{"Display":"\/c\/ - \/at\/"},"2":{"Display":"c-a-t letter names"},"3":{"Display":"\/k\/ - \/a\/ - \/t\/ individual phonemes"},"4":{"Display":"Kitten"}},"ChoiceOrder":["1","2","3","4"],"Validation":{"Settings":{"Type":"None"}},"Language":[],"DataExportTag":"QID56","DataVisibility":{"Private":false,"Hidden":false},"Configuration":{"QuestionDescriptionOption":"UseText"},"GradingData":[{"ChoiceID":"3","Grades":{"SC_4I7dsxjXjX6QtaC":"1"},"index":0}],"NextChoiceId":5,"NextAnswerId":1}},{"SurveyID":"SV_9nlqAiEPS5QQ7eC","Element":"SQ","PrimaryAttribute":"QID57","SecondaryAttribute":"A student is reading an editorial and asks why the author used the word \"disastrous\" instead of \"...","TertiaryAttribute":null,"Payload":{"QuestionText":"A student is reading an editorial and asks why the author used the word \"disastrous\" instead of \"bad.\" <b>How should the paraeducator explain this?\n<\/b>","QuestionID":"QID57","QuestionType":"MC","Selector":"SAVR","SubSelector":"TX","QuestionDescription":"A student is reading an editorial and asks why the author used the word \"disastrous\" instead of \"...","Choices":{"1":{"Display":"The author made a mistake in their word choice."},"2":{"Display":"The author is using loaded language to evoke a stronger emotional response from the reader."},"3":{"Display":"The author just likes using long words."},"4":{"Display":"Both words mean exactly the same thing in every context."}},"ChoiceOrder":["1","2","3","4"],"Validation":{"Settings":{"Type":"None"}},"Language":[],"DataExportTag":"QID57","DataVisibility":{"Private":false,"Hidden":false},"Configuration":{"QuestionDescriptionOption":"UseText"},"GradingData":[{"ChoiceID":"2","Grades":{"SC_4I7dsxjXjX6QtaC":"1"},"index":0}],"NextChoiceId":5,"NextAnswerId":1}},{"SurveyID":"SV_9nlqAiEPS5QQ7eC","Element":"SQ","PrimaryAttribute":"QID58","SecondaryAttribute":"A student finishes a page and realizes they do not remember anything they just read. What strateg...","TertiaryAttribute":null,"Payload":{"QuestionText":"A student finishes a page and realizes they do not remember anything they just read. <b>What strategy should the paraeducator suggest?\n<\/b>","QuestionID":"QID58","QuestionType":"MC","Selector":"SAVR","SubSelector":"TX","QuestionDescription":"A student finishes a page and realizes they do not remember anything they just read. What strateg...","Choices":{"1":{"Display":"Keep reading and hope it makes sense later."},"2":{"Display":"Close the book and pick a different one."},"3":{"Display":"Reread the page slowly, stopping after each paragraph to summarize what happened."},"4":{"Display":"Ask a neighbor what the page was about."}},"ChoiceOrder":["1","2","3","4"],"Validation":{"Settings":{"Type":"None"}},"Language":[],"DataExportTag":"QID58","DataVisibility":{"Private":false,"Hidden":false},"Configuration":{"QuestionDescriptionOption":"UseText"},"GradingData":[{"ChoiceID":"3","Grades":{"SC_4I7dsxjXjX6QtaC":"1"},"index":0}],"NextChoiceId":5,"NextAnswerId":1}},{"SurveyID":"SV_9nlqAiEPS5QQ7eC","Element":"SQ","PrimaryAttribute":"QID59","SecondaryAttribute":"Which of the following resource tools would be most appropriate for finding a synonym for the wor...","TertiaryAttribute":null,"Payload":{"QuestionText":"Which of the following resource tools would be most appropriate for finding a <b>synonym<\/b> for the word industrious?","QuestionID":"QID59","QuestionType":"MC","Selector":"SAVR","SubSelector":"TX","QuestionDescription":"Which of the following resource tools would be most appropriate for finding a synonym for the wor...","Choices":{"1":{"Display":"An Atlas"},"2":{"Display":"A Thesaurus"},"3":{"Display":"An Almanac"},"4":{"Display":"An Encyclopedia"}},"ChoiceOrder":["1","2","3","4"],"Validation":{"Settings":{"Type":"None"}},"Language":[],"DataExportTag":"QID59","DataVisibility":{"Private":false,"Hidden":false},"Configuration":{"QuestionDescriptionOption":"UseText"},"GradingData":[{"ChoiceID":"2","Grades":{"SC_4I7dsxjXjX6QtaC":"1"},"index":0}],"NextChoiceId":5,"NextAnswerId":1}},{"SurveyID":"SV_9nlqAiEPS5QQ7eC","Element":"SQ","PrimaryAttribute":"QID6","SecondaryAttribute":"A teacher wants to put a new rug in her classroom. The rectangular space for the rug is 12 feet l...","TertiaryAttribute":null,"Payload":{"QuestionText":"A teacher wants to put a new rug in her classroom. The rectangular space for the rug is 12 feet long and 9 feet wide. What is the area of the space?\n","QuestionID":"QID6","QuestionType":"MC","Selector":"SAVR","SubSelector":"TX","QuestionDescription":"A teacher wants to put a new rug in her classroom. The rectangular space for the rug is 12 feet l...","Choices":{"1":{"Display":"42 square feet"},"2":{"Display":"21 square feet"},"3":{"Display":"108 square feet"},"4":{"Display":"81 square feet"}},"ChoiceOrder":["1","2","3","4"],"Validation":{"Settings":{"Type":"None"}},"Language":[],"DataExportTag":"QID6","DataVisibility":{"Private":false,"Hidden":false},"Configuration":{"QuestionDescriptionOption":"UseText"},"GradingData":[{"ChoiceID":"3","Grades":{"SC_4I7dsxjXjX6QtaC":"1"},"index":0}],"NextChoiceId":5,"NextAnswerId":1}},{"SurveyID":"SV_9nlqAiEPS5QQ7eC","Element":"SQ","PrimaryAttribute":"QID60","SecondaryAttribute":"You are assisting a student with a bar graph showing rainfall in Colorado over four months (June:...","TertiaryAttribute":null,"Payload":{"QuestionText":"You are assisting a student with a bar graph showing rainfall in Colorado over four months (June: 2 inches, July: 4 inches, Aug: 3 inches, Sept: 1 inch). <b>Which month had the highest rainfall?\n<\/b>","QuestionID":"QID60","QuestionType":"MC","Selector":"SAVR","SubSelector":"TX","QuestionDescription":"You are assisting a student with a bar graph showing rainfall in Colorado over four months (June:...","Choices":{"1":{"Display":"June"},"2":{"Display":"July"},"3":{"Display":"August"},"4":{"Display":"September"}},"ChoiceOrder":["1","2","3","4"],"Validation":{"Settings":{"Type":"None"}},"Language":[],"DataExportTag":"QID60","DataVisibility":{"Private":false,"Hidden":false},"Configuration":{"QuestionDescriptionOption":"UseText"},"GradingData":[{"ChoiceID":"2","Grades":{"SC_4I7dsxjXjX6QtaC":"1"},"index":0}],"NextChoiceId":5,"NextAnswerId":1}},{"SurveyID":"SV_9nlqAiEPS5QQ7eC","Element":"SQ","PrimaryAttribute":"QID61","SecondaryAttribute":"A student is looking at a diagram of a plant cell but cannot identify the Nucleus. How should the...","TertiaryAttribute":null,"Payload":{"QuestionText":"A student is looking at a diagram of a plant cell but cannot identify the Nucleus. <b>How should the paraeducator assist?\n<\/b>","QuestionID":"QID61","QuestionType":"MC","Selector":"SAVR","SubSelector":"TX","QuestionDescription":"A student is looking at a diagram of a plant cell but cannot identify the Nucleus. How should the...","Choices":{"1":{"Display":"Point to it immediately and say \"There it is.\""},"2":{"Display":"Tell the student to look at the Key or Legend to match the label with the part of the diagram."},"3":{"Display":"Tell the student the nucleus is not important for the test."},"4":{"Display":"Draw a new diagram for the student."}},"ChoiceOrder":["1","2","3","4"],"Validation":{"Settings":{"Type":"None"}},"Language":[],"DataExportTag":"QID61","DataVisibility":{"Private":false,"Hidden":false},"Configuration":{"QuestionDescriptionOption":"UseText"},"GradingData":[{"ChoiceID":"2","Grades":{"SC_4I7dsxjXjX6QtaC":"1"},"index":0}],"NextChoiceId":5,"NextAnswerId":1}},{"SurveyID":"SV_9nlqAiEPS5QQ7eC","Element":"SQ","PrimaryAttribute":"QID62","SecondaryAttribute":"Click to write the question text","TertiaryAttribute":null,"Payload":{"QuestionText":"Click to write the question text","DefaultChoices":false,"DataExportTag":"Q62","QuestionType":"TE","Selector":"ML","DataVisibility":{"Private":false,"Hidden":false},"Configuration":{"QuestionDescriptionOption":"UseText"},"QuestionDescription":"Click to write the question text","Validation":{"Settings":{"ForceResponse":"OFF","Type":"None"}},"GradingData":[],"Language":[],"NextChoiceId":4,"NextAnswerId":1,"SearchSource":{"AllowFreeResponse":"false"},"QuestionID":"QID62"}},{"SurveyID":"SV_9nlqAiEPS5QQ7eC","Element":"SQ","PrimaryAttribute":"QID63","SecondaryAttribute":"Full Name","TertiaryAttribute":null,"Payload":{"QuestionText":"Full Name","DefaultChoices":false,"DataExportTag":"Q63","QuestionType":"TE","Selector":"SL","DataVisibility":{"Private":false,"Hidden":false},"Configuration":{"QuestionDescriptionOption":"UseText"},"QuestionDescription":"Full Name","Validation":{"Settings":{"ForceResponse":"ON","ForceResponseType":"ON","Type":"ContentType","MinChars":"1","ContentType":"ValidTextOnly","ValidDateType":"DateWithFormat","ValidPhoneType":"ValidUSPhone","ValidZipType":"ValidUSZip","ValidNumber":{"Min":"","Max":"","NumDecimals":""}}},"GradingData":[],"Language":[],"NextChoiceId":4,"NextAnswerId":1,"SearchSource":{"AllowFreeResponse":"false"},"QuestionID":"QID63"}},{"SurveyID":"SV_9nlqAiEPS5QQ7eC","Element":"SQ","PrimaryAttribute":"QID64","SecondaryAttribute":"By signing below, I certify that I am completing this assessment entirely on my own. I understand...","TertiaryAttribute":null,"Payload":{"QuestionText":"By signing below, I certify that I am completing this assessment entirely on my own. I understand that I am not permitted to use outside resources, including internet searches, notes, AI tools, or assistance from other individuals. I acknowledge that the results of this assessment are used to verify my \"Highly Qualified\" status for the Colorado Department of Education, and that completing it with unauthorized assistance may result in disqualification or disciplinary action. <br><br>I agree to these terms and promise to complete this assessment without outside help.","DefaultChoices":false,"DataExportTag":"Q64","QuestionType":"Draw","Selector":"Signature","DataVisibility":{"Private":false,"Hidden":false},"Configuration":{"QuestionDescriptionOption":"UseText","ShowBackgroundText":true,"BoxSize":"Medium"},"QuestionDescription":"By signing below, I certify that I am completing this assessment entirely on my own. I understand...","Validation":{"Settings":{"ForceResponse":"ON"}},"GradingData":[],"Language":[],"NextChoiceId":4,"NextAnswerId":1,"QuestionID":"QID64"}},{"SurveyID":"SV_9nlqAiEPS5QQ7eC","Element":"SQ","PrimaryAttribute":"QID65","SecondaryAttribute":"Click to write the question text","TertiaryAttribute":null,"Payload":{"QuestionText":"Click to write the question text","DefaultChoices":false,"DataExportTag":"Q65","QuestionType":"Meta","Selector":"Browser","DataVisibility":{"Private":false,"Hidden":false},"Configuration":{"QuestionDescriptionOption":"UseText"},"QuestionDescription":"Click to write the question text","Choices":{"1":{"Display":"Browser","TextEntry":1},"2":{"Display":"Version","TextEntry":1},"3":{"Display":"Operating System","TextEntry":1},"4":{"Display":"Screen Resolution","TextEntry":1},"5":{"Display":"Flash Version","TextEntry":1},"6":{"Display":"Java Support","TextEntry":1},"7":{"Display":"User Agent","TextEntry":1}},"GradingData":[],"Language":[],"NextChoiceId":4,"NextAnswerId":1,"QuestionID":"QID65"}},{"SurveyID":"SV_9nlqAiEPS5QQ7eC","Element":"SQ","PrimaryAttribute":"QID66","SecondaryAttribute":"Email Address","TertiaryAttribute":null,"Payload":{"QuestionText":"Email Address<br><br>","DefaultChoices":{"TEXT":{"Text":"@canoncityschools.org"}},"DataExportTag":"Q66","QuestionType":"TE","Selector":"SL","DataVisibility":{"Private":false,"Hidden":false},"Configuration":{"QuestionDescriptionOption":"UseText"},"QuestionDescription":"Email Address","Validation":{"Settings":{"ForceResponse":"ON","ForceResponseType":"ON","Type":"ContentType","MinChars":"1","ContentType":"ValidEmail","ValidDateType":"DateWithFormat","ValidPhoneType":"ValidUSPhone","ValidZipType":"ValidUSZip","ValidNumber":{"Min":"","Max":"","NumDecimals":""}}},"GradingData":[],"Language":[],"NextChoiceId":4,"NextAnswerId":1,"SearchSource":{"AllowFreeResponse":"false"},"QuestionID":"QID66"}},{"SurveyID":"SV_9nlqAiEPS5QQ7eC","Element":"SQ","PrimaryAttribute":"QID7","SecondaryAttribute":"A school is building a fence around a rectangular playground that is 40 feet long and 30 feet wid...","TertiaryAttribute":null,"Payload":{"QuestionText":"A school is building a fence around a rectangular playground that is 40 feet long and 30 feet wide. How many feet of fencing will they need?\n","QuestionID":"QID7","QuestionType":"MC","Selector":"SAVR","SubSelector":"TX","QuestionDescription":"A school is building a fence around a rectangular playground that is 40 feet long and 30 feet wid...","Choices":{"1":{"Display":"140 feet"},"2":{"Display":"70 feet"},"3":{"Display":"1200 feet"},"4":{"Display":"100 feet"}},"ChoiceOrder":["1","2","3","4"],"Validation":{"Settings":{"Type":"None"}},"Language":[],"DataExportTag":"QID7","DataVisibility":{"Private":false,"Hidden":false},"Configuration":{"QuestionDescriptionOption":"UseText"},"GradingData":[{"ChoiceID":"1","Grades":{"SC_4I7dsxjXjX6QtaC":"1"},"index":0}],"NextChoiceId":5,"NextAnswerId":1}},{"SurveyID":"SV_9nlqAiEPS5QQ7eC","Element":"SQ","PrimaryAttribute":"QID8","SecondaryAttribute":"A student's scores on their last four math quizzes are 80, 90, 85, and 95. What is the student's...","TertiaryAttribute":null,"Payload":{"QuestionText":"A student's scores on their last four math quizzes are 80, 90, 85, and 95. What is the student's mean (average) score?\n","QuestionID":"QID8","QuestionType":"MC","Selector":"SAVR","SubSelector":"TX","QuestionDescription":"A student's scores on their last four math quizzes are 80, 90, 85, and 95. What is the student's...","Choices":{"1":{"Display":"85"},"2":{"Display":"87.5"},"3":{"Display":"90"},"4":{"Display":"350"}},"ChoiceOrder":["1","2","3","4"],"Validation":{"Settings":{"Type":"None"}},"Language":[],"DataExportTag":"QID8","DataVisibility":{"Private":false,"Hidden":false},"Configuration":{"QuestionDescriptionOption":"UseText"},"GradingData":[{"ChoiceID":"2","Grades":{"SC_4I7dsxjXjX6QtaC":"1"},"index":0}],"NextChoiceId":5,"NextAnswerId":1}},{"SurveyID":"SV_9nlqAiEPS5QQ7eC","Element":"SQ","PrimaryAttribute":"QID9","SecondaryAttribute":"A pie chart shows the transportation methods of 200 students. If 25% of the pie chart represents...","TertiaryAttribute":null,"Payload":{"QuestionText":"A pie chart shows the transportation methods of 200 students. If 25% of the pie chart represents students who ride the bus, how many students ride the bus?\n","QuestionID":"QID9","QuestionType":"MC","Selector":"SAVR","SubSelector":"TX","QuestionDescription":"A pie chart shows the transportation methods of 200 students. If 25% of the pie chart represents...","Choices":{"1":{"Display":"25 students"},"2":{"Display":"50 students"},"3":{"Display":"75 students"},"4":{"Display":"100 students"}},"ChoiceOrder":["1","2","3","4"],"Validation":{"Settings":{"Type":"None"}},"Language":[],"DataExportTag":"QID9","DataVisibility":{"Private":false,"Hidden":false},"Configuration":{"QuestionDescriptionOption":"UseText"},"GradingData":[{"ChoiceID":"2","Grades":{"SC_4I7dsxjXjX6QtaC":"1"},"index":0}],"NextChoiceId":5,"NextAnswerId":1}},{"SurveyID":"SV_9nlqAiEPS5QQ7eC","Element":"STAT","PrimaryAttribute":"Survey Statistics","SecondaryAttribute":null,"TertiaryAttribute":null,"Payload":{"MobileCompatible":true,"ID":"Survey Statistics"}},{"SurveyID":"SV_9nlqAiEPS5QQ7eC","Element":"TR","PrimaryAttribute":"TR_bEi1wCdTLMQ7PPU","SecondaryAttribute":null,"TertiaryAttribute":null,"Payload":{"TriggerAction":"EmailMessage","Type":"OnQuestionResponse","ToEmail":"miles.tuttle@canoncityschools.org","FromName":"","FromEmail":"trigger@qemailserver.com","SendDate":"now","Subject":"Title I Paraprofessional Assessment Complete","Message":"<p data-pm-slice=\"1 1 []\">Thank you for completing the Title I Paraprofessional Assessment. We are pleased to inform you that you passed with a score of <strong>${gr:\/\/SC_4I7dsxjXjX6QtaC\/Score}<\/strong>!<\/p>\n\n<p>Successfully completing this assessment fulfills the Colorado Department of Education&#39;s &quot;Highly Qualified&quot; requirement for your role. Our Human Resources department has received a copy of your results for your personnel file.<\/p>\n\n<p>If you have any questions or need to complete further onboarding paperwork, HR will be in touch with you shortly.<\/p>\n","IncludeReport":true,"UseFullText":false,"Logic":{"0":{"0":{"LogicType":"EmbeddedField","LeftOperand":"${gr:\/\/SC_4I7dsxjXjX6QtaC\/Score}","Operator":"GreaterThanOrEqual","RightOperand":"48","_HiddenExpression":false,"Type":"Expression","Description":"<span class=\"ConjDesc\">If<\/span> <span class=\"LeftOpDesc\">${gr:\/\/SC_4I7dsxjXjX6QtaC\/Score}<\/span> <span class=\"OpDesc\">Is Greater Than or Equal to<\/span> <span class=\"RightOpDesc\"> 48 <\/span>"},"Type":"If"},"Type":"BooleanExpression"},"ID":"TR_bEi1wCdTLMQ7PPU"}},{"SurveyID":"SV_9nlqAiEPS5QQ7eC","Element":"TR","PrimaryAttribute":"TR_bxdEu6RkuNKAJwi","SecondaryAttribute":null,"TertiaryAttribute":null,"Payload":{"TriggerAction":"EmailMessage","Type":"OnQuestionResponse","ToEmail":"miles.tuttle@canoncityschools.org","FromName":"","FromEmail":"trigger@qemailserver.com","SendDate":"now","Subject":"Title I Paraprofessional Assessment Complete","Message":"<p data-pm-slice=\"1 1 []\">Thank you for your time in completing the Title I Paraprofessional Assessment.<\/p>\n\n<p>Your final score was <strong>${gr:\/\/SC_4I7dsxjXjX6QtaC\/Score}<\/strong>. The Colorado Department of Education requires a score of 70% or higher to meet the &quot;Highly Qualified&quot; standard for this position.<\/p>\n\n<p>Please don&#39;t be discouraged! You are welcome to review the material and retake the assessment. We want to ensure you have all the tools and knowledge you need to feel confident in the classroom.<\/p>\n\n<p>Please contact [HR Contact Name\/Email] to discuss scheduling a retake or to get recommendations for study resources.<\/p>\n","IncludeReport":true,"UseFullText":false,"Logic":{"0":{"0":{"LogicType":"EmbeddedField","LeftOperand":"${gr:\/\/SC_4I7dsxjXjX6QtaC\/Score}","Operator":"LessThan","RightOperand":"47","_HiddenExpression":false,"Type":"Expression","Description":"<span class=\"ConjDesc\">If<\/span> <span class=\"LeftOpDesc\">${gr:\/\/SC_4I7dsxjXjX6QtaC\/Score}<\/span> <span class=\"OpDesc\">Is Less Than<\/span> <span class=\"RightOpDesc\"> 47 <\/span>"},"Type":"If"},"Type":"BooleanExpression"},"ID":"TR_bxdEu6RkuNKAJwi"}}]}